<?xml version="1.0" encoding="utf-8"?>
<Project ToolsVersion="4.0" xmlns="http://schemas.microsoft.com/developer/msbuild/2003">
  <ItemGroup>
    <Filter Include="include">
      <UniqueIdentifier>{48870e01-398d-4920-9c41-56f5346ebf26}</UniqueIdentifier>
    </Filter>
    <Filter Include="source">
      <UniqueIdentifier>{ca8fa7f4-1730-4ecc-a564-20aa5a95664d}</UniqueIdentifier>
    </Filter>
    <Filter Include="include\geometry">
      <UniqueIdentifier>{225f5a1d-d199-416d-8745-a563f0062a3a}</UniqueIdentifier>
    </Filter>
  </ItemGroup>
  <ItemGroup>
    <ClCompile Include="..\..\..\source\aya_lib\aya_lib.cpp">
      <Filter>source</Filter>
    </ClCompile>
  </ItemGroup>
  <ItemGroup>
    <ClInclude Include="..\..\..\include\aya_lib\aya_lib.hpp">
      <Filter>include</Filter>
    </ClInclude>
    <ClInclude Include="..\..\..\include\aya_lib\geometry\geometry.hpp">
      <Filter>include\geometry</Filter>
    </ClInclude>
    <ClInclude Include="..\..\..\include\aya_lib\concept.hpp">
      <Filter>include</Filter>
    </ClInclude>
  </ItemGroup>
</Project>