<?xml version="1.0" encoding="utf-8"?>
<Project ToolsVersion="4.0" xmlns="http://schemas.microsoft.com/developer/msbuild/2003">
  <ItemGroup>
    <Filter Include="include">
      <UniqueIdentifier>{48870e01-398d-4920-9c41-56f5346ebf26}</UniqueIdentifier>
    </Filter>
    <Filter Include="module">
      <UniqueIdentifier>{4ab0c7b5-77cf-4166-bd00-d6ad99c913bf}</UniqueIdentifier>
    </Filter>
    <Filter Include="aya_lib">
      <UniqueIdentifier>{90b26eeb-dbbc-4dbc-857c-f6e173f25348}</UniqueIdentifier>
    </Filter>
    <Filter Include="aya_lib\display">
      <UniqueIdentifier>{aa1ba37b-bf00-410e-8651-0e7dbd131c79}</UniqueIdentifier>
    </Filter>
    <Filter Include="aya_lib\geometry">
      <UniqueIdentifier>{3165c83b-b44d-443d-8619-340e0b7e70a7}</UniqueIdentifier>
    </Filter>
  </ItemGroup>
  <ItemGroup>
    <ClInclude Include="..\..\..\include\aya_lib\geometry\geometry.hpp">
      <Filter>aya_lib\geometry</Filter>
    </ClInclude>
    <ClInclude Include="..\..\..\include\aya_lib\display\window.hpp">
      <Filter>aya_lib\display</Filter>
    </ClInclude>
    <ClInclude Include="..\..\..\include\aya_lib\concept.hpp">
      <Filter>aya_lib</Filter>
    </ClInclude>
    <ClInclude Include="..\..\..\include\aya_lib\aya_lib.hpp">
      <Filter>include</Filter>
    </ClInclude>
  </ItemGroup>
  <ItemGroup>
    <None Include="..\..\..\module\aya.cppm">
      <Filter>module</Filter>
    </None>
    <None Include="..\..\..\module\aya.geometry.cppm">
      <Filter>module</Filter>
    </None>
    <None Include="..\..\..\module\aya.window.cppm">
      <Filter>module</Filter>
    </None>
  </ItemGroup>
  <ItemGroup>
    <ClCompile Include="..\..\..\source\aya_lib\display\window.cpp">
      <Filter>aya_lib\display</Filter>
    </ClCompile>
  </ItemGroup>
</Project>